
Microsoft Visual Studio Solution File, Format Version 12.00
# Visual Studio Version 17
VisualStudioVersion = 17.8.34408.163
MinimumVisualStudioVersion = 10.0.40219.1
Project("{FAE04EC0-301F-11D3-BF4B-00C04F79EFBC}") = "ZZZ Render Fix", "ZZZ Render Fix.csproj", "{C349FBAA-58EE-4D7C-81F6-C28FDE2D286C}"
EndProject
Global
	GlobalSection(SolutionConfigurationPlatforms) = preSolution
		Debug|Any CPU = Debug|Any CPU
		Release|Any CPU = Release|Any CPU
	EndGlobalSection
	GlobalSection(ProjectConfigurationPlatforms) = postSolution
		{C349FBAA-58EE-4D7C-81F6-C28FDE2D286C}.Debug|Any CPU.ActiveCfg = Debug|Any CPU
		{C349FBAA-58EE-4D7C-81F6-C28FDE2D286C}.Debug|Any CPU.Build.0 = Debug|Any CPU
		{C349FBAA-58EE-4D7C-81F6-C28FDE2D286C}.Release|Any CPU.ActiveCfg = Release|Any CPU
		{C349FBAA-58EE-4D7C-81F6-C28FDE2D286C}.Release|Any CPU.Build.0 = Release|Any CPU
	EndGlobalSection
	GlobalSection(SolutionProperties) = preSolution
		HideSolutionNode = FALSE
	EndGlobalSection
	GlobalSection(ExtensibilityGlobals) = postSolution
		SolutionGuid = {DD33D411-8E9D-499D-8117-23E72569FA5C}
	EndGlobalSection
EndGlobal
